
Microsoft Visual Studio Solution File, Format Version 11.00
# Visual Studio 2010
Project("{8BC9CEB8-8B4A-11D0-8D11-00A0C91BC942}") = "Good Feature Experiments", "Good Feature Experiments\Good Feature Experiments.vcxproj", "{913E951B-FAFD-4F2C-9685-B72619FEBD96}"
EndProject
Project("{8BC9CEB8-8B4A-11D0-8D11-00A0C91BC942}") = "Transformed Images Generator", "Transformed Images Generator\Transformed Images Generator.vcxproj", "{A2256D8F-A9A0-4B76-BF7D-2E09F267F3F8}"
EndProject
Global
	GlobalSection(SolutionConfigurationPlatforms) = preSolution
		Debug|Win32 = Debug|Win32
		Release|Win32 = Release|Win32
	EndGlobalSection
	GlobalSection(ProjectConfigurationPlatforms) = postSolution
		{913E951B-FAFD-4F2C-9685-B72619FEBD96}.Debug|Win32.ActiveCfg = Debug|Win32
		{913E951B-FAFD-4F2C-9685-B72619FEBD96}.Debug|Win32.Build.0 = Debug|Win32
		{913E951B-FAFD-4F2C-9685-B72619FEBD96}.Release|Win32.ActiveCfg = Release|Win32
		{913E951B-FAFD-4F2C-9685-B72619FEBD96}.Release|Win32.Build.0 = Release|Win32
		{A2256D8F-A9A0-4B76-BF7D-2E09F267F3F8}.Debug|Win32.ActiveCfg = Debug|Win32
		{A2256D8F-A9A0-4B76-BF7D-2E09F267F3F8}.Debug|Win32.Build.0 = Debug|Win32
		{A2256D8F-A9A0-4B76-BF7D-2E09F267F3F8}.Release|Win32.ActiveCfg = Release|Win32
		{A2256D8F-A9A0-4B76-BF7D-2E09F267F3F8}.Release|Win32.Build.0 = Release|Win32
	EndGlobalSection
	GlobalSection(SolutionProperties) = preSolution
		HideSolutionNode = FALSE
	EndGlobalSection
EndGlobal
