<?xml version="1.0" encoding="utf-8"?>
<Project ToolsVersion="4.0" xmlns="http://schemas.microsoft.com/developer/msbuild/2003">
  <ItemGroup>
    <Filter Include="소스 파일">
      <UniqueIdentifier>{4FC737F1-C7A5-4376-A066-2A32D752A2FF}</UniqueIdentifier>
      <Extensions>cpp;c;cc;cxx;def;odl;idl;hpj;bat;asm;asmx</Extensions>
    </Filter>
    <Filter Include="헤더 파일">
      <UniqueIdentifier>{93995380-89BD-4b04-88EB-625FBE52EBFB}</UniqueIdentifier>
      <Extensions>h;hpp;hxx;hm;inl;inc;xsd</Extensions>
    </Filter>
    <Filter Include="리소스 파일">
      <UniqueIdentifier>{67DA6AB6-F800-4c08-8B7A-83BB121AAD01}</UniqueIdentifier>
      <Extensions>rc;ico;cur;bmp;dlg;rc2;rct;bin;rgs;gif;jpg;jpeg;jpe;resx;tiff;tif;png;wav;mfcribbon-ms</Extensions>
    </Filter>
    <Filter Include="brisk">
      <UniqueIdentifier>{d1965161-f185-4e36-ba4e-e4a5ce95130c}</UniqueIdentifier>
    </Filter>
    <Filter Include="agast">
      <UniqueIdentifier>{0c670fdb-9b83-4e5a-b02a-ae27e2909717}</UniqueIdentifier>
    </Filter>
  </ItemGroup>
  <ItemGroup>
    <ClCompile Include="main.cpp">
      <Filter>소스 파일</Filter>
    </ClCompile>
    <ClCompile Include="SelfSimilarityTest.cpp">
      <Filter>소스 파일</Filter>
    </ClCompile>
    <ClCompile Include="Seperability.cpp">
      <Filter>소스 파일</Filter>
    </ClCompile>
    <ClCompile Include="brisk\brisk.cpp">
      <Filter>brisk</Filter>
    </ClCompile>
    <ClCompile Include="agast\agast5_8.cc">
      <Filter>agast</Filter>
    </ClCompile>
    <ClCompile Include="agast\agast5_8_nms.cc">
      <Filter>agast</Filter>
    </ClCompile>
    <ClCompile Include="agast\agast7_12d.cc">
      <Filter>agast</Filter>
    </ClCompile>
    <ClCompile Include="agast\agast7_12d_nms.cc">
      <Filter>agast</Filter>
    </ClCompile>
    <ClCompile Include="agast\agast7_12s.cc">
      <Filter>agast</Filter>
    </ClCompile>
    <ClCompile Include="agast\agast7_12s_nms.cc">
      <Filter>agast</Filter>
    </ClCompile>
    <ClCompile Include="agast\AstDetector.cc">
      <Filter>agast</Filter>
    </ClCompile>
    <ClCompile Include="agast\nonMaximumSuppression.cc">
      <Filter>agast</Filter>
    </ClCompile>
    <ClCompile Include="agast\oast9_16.cc">
      <Filter>agast</Filter>
    </ClCompile>
    <ClCompile Include="agast\oast9_16_nms.cc">
      <Filter>agast</Filter>
    </ClCompile>
    <ClCompile Include="CornernessTest.cpp">
      <Filter>소스 파일</Filter>
    </ClCompile>
    <ClCompile Include="LoadImageData.cpp">
      <Filter>소스 파일</Filter>
    </ClCompile>
    <ClCompile Include="SaveData.cpp">
      <Filter>소스 파일</Filter>
    </ClCompile>
    <ClCompile Include="MatchingCountTest.cpp">
      <Filter>소스 파일</Filter>
    </ClCompile>
    <ClCompile Include="gcFilterMatches.cpp">
      <Filter>brisk</Filter>
    </ClCompile>
    <ClCompile Include="gcHomography.cpp">
      <Filter>brisk</Filter>
    </ClCompile>
    <ClCompile Include="gcKeypointsRecover.cpp">
      <Filter>brisk</Filter>
    </ClCompile>
    <ClCompile Include="gcMatches2Points.cpp">
      <Filter>brisk</Filter>
    </ClCompile>
  </ItemGroup>
  <ItemGroup>
    <ClInclude Include="OpenCv2.4.5_libs.h">
      <Filter>헤더 파일</Filter>
    </ClInclude>
    <ClInclude Include="data_structure.h">
      <Filter>헤더 파일</Filter>
    </ClInclude>
    <ClInclude Include="brisk\brisk.h">
      <Filter>brisk</Filter>
    </ClInclude>
    <ClInclude Include="brisk\GroundTruth.hpp">
      <Filter>brisk</Filter>
    </ClInclude>
    <ClInclude Include="brisk\hammingsse.hpp">
      <Filter>brisk</Filter>
    </ClInclude>
    <ClInclude Include="brisk\Matcher.h">
      <Filter>brisk</Filter>
    </ClInclude>
    <ClInclude Include="brisk\MatchVerifier.hpp">
      <Filter>brisk</Filter>
    </ClInclude>
    <ClInclude Include="brisk\projection.h">
      <Filter>brisk</Filter>
    </ClInclude>
    <ClInclude Include="brisk\utils.hpp">
      <Filter>brisk</Filter>
    </ClInclude>
    <ClInclude Include="agast\agast5_8.h">
      <Filter>agast</Filter>
    </ClInclude>
    <ClInclude Include="agast\agast7_12d.h">
      <Filter>agast</Filter>
    </ClInclude>
    <ClInclude Include="agast\agast7_12s.h">
      <Filter>agast</Filter>
    </ClInclude>
    <ClInclude Include="agast\AstDetector.h">
      <Filter>agast</Filter>
    </ClInclude>
    <ClInclude Include="agast\cvWrapper.h">
      <Filter>agast</Filter>
    </ClInclude>
    <ClInclude Include="agast\oast9_16.h">
      <Filter>agast</Filter>
    </ClInclude>
    <ClInclude Include="..\Transformed Images Generator\value.h">
      <Filter>헤더 파일</Filter>
    </ClInclude>
  </ItemGroup>
</Project>